
Microsoft Visual Studio Solution File, Format Version 12.00
# Visual Studio 14
VisualStudioVersion = 14.0.25420.1
MinimumVisualStudioVersion = 10.0.40219.1
Project("{FAE04EC0-301F-11D3-BF4B-00C04F79EFBC}") = "Business", "IMSDemo\Business.csproj", "{2CEB0AA8-EE15-4DBB-BC00-20EC319DFB75}"
EndProject
Project("{FAE04EC0-301F-11D3-BF4B-00C04F79EFBC}") = "Data", "Data\Data.csproj", "{62737FB7-0DD7-4018-8E63-E90EB1FDFA2B}"
EndProject
Project("{FAE04EC0-301F-11D3-BF4B-00C04F79EFBC}") = "API", "API\API.csproj", "{673A4647-D5E2-4789-95A7-6DFDF0C20964}"
EndProject
Global
	GlobalSection(SolutionConfigurationPlatforms) = preSolution
		Debug|Any CPU = Debug|Any CPU
		Release|Any CPU = Release|Any CPU
	EndGlobalSection
	GlobalSection(ProjectConfigurationPlatforms) = postSolution
		{2CEB0AA8-EE15-4DBB-BC00-20EC319DFB75}.Debug|Any CPU.ActiveCfg = Debug|Any CPU
		{2CEB0AA8-EE15-4DBB-BC00-20EC319DFB75}.Debug|Any CPU.Build.0 = Debug|Any CPU
		{2CEB0AA8-EE15-4DBB-BC00-20EC319DFB75}.Release|Any CPU.ActiveCfg = Release|Any CPU
		{2CEB0AA8-EE15-4DBB-BC00-20EC319DFB75}.Release|Any CPU.Build.0 = Release|Any CPU
		{62737FB7-0DD7-4018-8E63-E90EB1FDFA2B}.Debug|Any CPU.ActiveCfg = Debug|Any CPU
		{62737FB7-0DD7-4018-8E63-E90EB1FDFA2B}.Debug|Any CPU.Build.0 = Debug|Any CPU
		{62737FB7-0DD7-4018-8E63-E90EB1FDFA2B}.Release|Any CPU.ActiveCfg = Release|Any CPU
		{62737FB7-0DD7-4018-8E63-E90EB1FDFA2B}.Release|Any CPU.Build.0 = Release|Any CPU
		{673A4647-D5E2-4789-95A7-6DFDF0C20964}.Debug|Any CPU.ActiveCfg = Debug|Any CPU
		{673A4647-D5E2-4789-95A7-6DFDF0C20964}.Debug|Any CPU.Build.0 = Debug|Any CPU
		{673A4647-D5E2-4789-95A7-6DFDF0C20964}.Release|Any CPU.ActiveCfg = Release|Any CPU
		{673A4647-D5E2-4789-95A7-6DFDF0C20964}.Release|Any CPU.Build.0 = Release|Any CPU
	EndGlobalSection
	GlobalSection(SolutionProperties) = preSolution
		HideSolutionNode = FALSE
	EndGlobalSection
EndGlobal
